
Microsoft Visual Studio Solution File, Format Version 12.00
# Visual Studio 15
VisualStudioVersion = 15.0.28307.1209
MinimumVisualStudioVersion = 10.0.40219.1
Project("{FAE04EC0-301F-11D3-BF4B-00C04F79EFBC}") = "Task1", "Task1\Task1.csproj", "{4323C008-1C3E-48A3-A363-D93DFD7ACB80}"
EndProject
Project("{FAE04EC0-301F-11D3-BF4B-00C04F79EFBC}") = "Task2", "Task2\Task2.csproj", "{9A184158-C109-4B55-ABD1-6B9A78E825E5}"
EndProject
Project("{FAE04EC0-301F-11D3-BF4B-00C04F79EFBC}") = "Task3", "Task3\Task3.csproj", "{F82D49DF-7898-4FF3-9660-6529049FCF53}"
EndProject
Project("{FAE04EC0-301F-11D3-BF4B-00C04F79EFBC}") = "Task4", "Task4\Task4.csproj", "{27AE969E-3FEA-407E-B4A6-FDBC10471D02}"
EndProject
Global
	GlobalSection(SolutionConfigurationPlatforms) = preSolution
		Debug|Any CPU = Debug|Any CPU
		Release|Any CPU = Release|Any CPU
	EndGlobalSection
	GlobalSection(ProjectConfigurationPlatforms) = postSolution
		{4323C008-1C3E-48A3-A363-D93DFD7ACB80}.Debug|Any CPU.ActiveCfg = Debug|Any CPU
		{4323C008-1C3E-48A3-A363-D93DFD7ACB80}.Debug|Any CPU.Build.0 = Debug|Any CPU
		{4323C008-1C3E-48A3-A363-D93DFD7ACB80}.Release|Any CPU.ActiveCfg = Release|Any CPU
		{4323C008-1C3E-48A3-A363-D93DFD7ACB80}.Release|Any CPU.Build.0 = Release|Any CPU
		{9A184158-C109-4B55-ABD1-6B9A78E825E5}.Debug|Any CPU.ActiveCfg = Debug|Any CPU
		{9A184158-C109-4B55-ABD1-6B9A78E825E5}.Debug|Any CPU.Build.0 = Debug|Any CPU
		{9A184158-C109-4B55-ABD1-6B9A78E825E5}.Release|Any CPU.ActiveCfg = Release|Any CPU
		{9A184158-C109-4B55-ABD1-6B9A78E825E5}.Release|Any CPU.Build.0 = Release|Any CPU
		{F82D49DF-7898-4FF3-9660-6529049FCF53}.Debug|Any CPU.ActiveCfg = Debug|Any CPU
		{F82D49DF-7898-4FF3-9660-6529049FCF53}.Debug|Any CPU.Build.0 = Debug|Any CPU
		{F82D49DF-7898-4FF3-9660-6529049FCF53}.Release|Any CPU.ActiveCfg = Release|Any CPU
		{F82D49DF-7898-4FF3-9660-6529049FCF53}.Release|Any CPU.Build.0 = Release|Any CPU
		{27AE969E-3FEA-407E-B4A6-FDBC10471D02}.Debug|Any CPU.ActiveCfg = Debug|Any CPU
		{27AE969E-3FEA-407E-B4A6-FDBC10471D02}.Debug|Any CPU.Build.0 = Debug|Any CPU
		{27AE969E-3FEA-407E-B4A6-FDBC10471D02}.Release|Any CPU.ActiveCfg = Release|Any CPU
		{27AE969E-3FEA-407E-B4A6-FDBC10471D02}.Release|Any CPU.Build.0 = Release|Any CPU
	EndGlobalSection
	GlobalSection(SolutionProperties) = preSolution
		HideSolutionNode = FALSE
	EndGlobalSection
	GlobalSection(ExtensibilityGlobals) = postSolution
		SolutionGuid = {198F08F2-65B9-47A9-ADB5-5CE3F397F056}
	EndGlobalSection
EndGlobal
